// !$*UTF8*$!
{
	archiveVersion = 1;
	classes = {
	};
	objectVersion = 50;
	objects = {

/* Begin PBXBuildFile section */
		0948456E22ECDCF700DF7C1D /* FavoritsTableVIewController.swift in Sources */ = {isa = PBXBuildFile; fileRef = 0948456D22ECDCF700DF7C1D /* FavoritsTableVIewController.swift */; };
		0948457022ECE2B500DF7C1D /* CellsOptions2.swift in Sources */ = {isa = PBXBuildFile; fileRef = 0948456F22ECE2B500DF7C1D /* CellsOptions2.swift */; };
		CA51F01F22EB6012007DACA3 /* AppDelegate.swift in Sources */ = {isa = PBXBuildFile; fileRef = CA51F01E22EB6012007DACA3 /* AppDelegate.swift */; };
		CA51F02122EB6012007DACA3 /* StartViewController.swift in Sources */ = {isa = PBXBuildFile; fileRef = CA51F02022EB6012007DACA3 /* StartViewController.swift */; };
		CA51F02422EB6012007DACA3 /* Main.storyboard in Resources */ = {isa = PBXBuildFile; fileRef = CA51F02222EB6012007DACA3 /* Main.storyboard */; };
		CA51F02622EB6013007DACA3 /* Assets.xcassets in Resources */ = {isa = PBXBuildFile; fileRef = CA51F02522EB6013007DACA3 /* Assets.xcassets */; };
		CA51F02922EB6013007DACA3 /* LaunchScreen.storyboard in Resources */ = {isa = PBXBuildFile; fileRef = CA51F02722EB6013007DACA3 /* LaunchScreen.storyboard */; };
		CA51F03422EB60F2007DACA3 /* TableViewController.swift in Sources */ = {isa = PBXBuildFile; fileRef = CA51F03322EB60F2007DACA3 /* TableViewController.swift */; };
		CA51F03622EB610F007DACA3 /* ScrollViewController.swift in Sources */ = {isa = PBXBuildFile; fileRef = CA51F03522EB610F007DACA3 /* ScrollViewController.swift */; };
		CA51F03822EB61AC007DACA3 /* CellsOptions.swift in Sources */ = {isa = PBXBuildFile; fileRef = CA51F03722EB61AC007DACA3 /* CellsOptions.swift */; };
		CA51F03A22EB68D2007DACA3 /* ImageOptions.swift in Sources */ = {isa = PBXBuildFile; fileRef = CA51F03922EB68D2007DACA3 /* ImageOptions.swift */; };
		CA51F04022F22DEC007DACA3 /* AddTableViewControllers.swift in Sources */ = {isa = PBXBuildFile; fileRef = CA51F03F22F22DEC007DACA3 /* AddTableViewControllers.swift */; };
/* End PBXBuildFile section */

/* Begin PBXFileReference section */
		0948456D22ECDCF700DF7C1D /* FavoritsTableVIewController.swift */ = {isa = PBXFileReference; lastKnownFileType = sourcecode.swift; path = FavoritsTableVIewController.swift; sourceTree = "<group>"; };
		0948456F22ECE2B500DF7C1D /* CellsOptions2.swift */ = {isa = PBXFileReference; lastKnownFileType = sourcecode.swift; path = CellsOptions2.swift; sourceTree = "<group>"; };
		CA51F01B22EB6012007DACA3 /* TableAndScroll.app */ = {isa = PBXFileReference; explicitFileType = wrapper.application; includeInIndex = 0; path = TableAndScroll.app; sourceTree = BUILT_PRODUCTS_DIR; };
		CA51F01E22EB6012007DACA3 /* AppDelegate.swift */ = {isa = PBXFileReference; lastKnownFileType = sourcecode.swift; path = AppDelegate.swift; sourceTree = "<group>"; };
		CA51F02022EB6012007DACA3 /* StartViewController.swift */ = {isa = PBXFileReference; lastKnownFileType = sourcecode.swift; path = StartViewController.swift; sourceTree = "<group>"; };
		CA51F02322EB6012007DACA3 /* Base */ = {isa = PBXFileReference; lastKnownFileType = file.storyboard; name = Base; path = Base.lproj/Main.storyboard; sourceTree = "<group>"; };
		CA51F02522EB6013007DACA3 /* Assets.xcassets */ = {isa = PBXFileReference; lastKnownFileType = folder.assetcatalog; path = Assets.xcassets; sourceTree = "<group>"; };
		CA51F02822EB6013007DACA3 /* Base */ = {isa = PBXFileReference; lastKnownFileType = file.storyboard; name = Base; path = Base.lproj/LaunchScreen.storyboard; sourceTree = "<group>"; };
		CA51F02A22EB6013007DACA3 /* Info.plist */ = {isa = PBXFileReference; lastKnownFileType = text.plist.xml; path = Info.plist; sourceTree = "<group>"; };
		CA51F03322EB60F2007DACA3 /* TableViewController.swift */ = {isa = PBXFileReference; lastKnownFileType = sourcecode.swift; path = TableViewController.swift; sourceTree = "<group>"; };
		CA51F03522EB610F007DACA3 /* ScrollViewController.swift */ = {isa = PBXFileReference; lastKnownFileType = sourcecode.swift; path = ScrollViewController.swift; sourceTree = "<group>"; };
		CA51F03722EB61AC007DACA3 /* CellsOptions.swift */ = {isa = PBXFileReference; lastKnownFileType = sourcecode.swift; path = CellsOptions.swift; sourceTree = "<group>"; };
		CA51F03922EB68D2007DACA3 /* ImageOptions.swift */ = {isa = PBXFileReference; lastKnownFileType = sourcecode.swift; path = ImageOptions.swift; sourceTree = "<group>"; };
		CA51F03F22F22DEC007DACA3 /* AddTableViewControllers.swift */ = {isa = PBXFileReference; lastKnownFileType = sourcecode.swift; path = AddTableViewControllers.swift; sourceTree = "<group>"; };
/* End PBXFileReference section */

/* Begin PBXFrameworksBuildPhase section */
		CA51F01822EB6012007DACA3 /* Frameworks */ = {
			isa = PBXFrameworksBuildPhase;
			buildActionMask = 2147483647;
			files = (
			);
			runOnlyForDeploymentPostprocessing = 0;
		};
/* End PBXFrameworksBuildPhase section */

/* Begin PBXGroup section */
		CA51F01222EB6012007DACA3 = {
			isa = PBXGroup;
			children = (
				CA51F01D22EB6012007DACA3 /* TableAndScroll */,
				CA51F01C22EB6012007DACA3 /* Products */,
			);
			sourceTree = "<group>";
		};
		CA51F01C22EB6012007DACA3 /* Products */ = {
			isa = PBXGroup;
			children = (
				CA51F01B22EB6012007DACA3 /* TableAndScroll.app */,
			);
			name = Products;
			sourceTree = "<group>";
		};
		CA51F01D22EB6012007DACA3 /* TableAndScroll */ = {
			isa = PBXGroup;
			children = (
				CA51F03022EB6065007DACA3 /* Models */,
				CA51F03122EB606D007DACA3 /* View */,
				CA51F03222EB60B4007DACA3 /* Controllers */,
				CA51F01E22EB6012007DACA3 /* AppDelegate.swift */,
				CA51F02522EB6013007DACA3 /* Assets.xcassets */,
				CA51F02A22EB6013007DACA3 /* Info.plist */,
			);
			path = TableAndScroll;
			sourceTree = "<group>";
		};
		CA51F03022EB6065007DACA3 /* Models */ = {
			isa = PBXGroup;
			children = (
				CA51F03722EB61AC007DACA3 /* CellsOptions.swift */,
				CA51F03922EB68D2007DACA3 /* ImageOptions.swift */,
				0948456F22ECE2B500DF7C1D /* CellsOptions2.swift */,
			);
			path = Models;
			sourceTree = "<group>";
		};
		CA51F03122EB606D007DACA3 /* View */ = {
			isa = PBXGroup;
			children = (
				CA51F02722EB6013007DACA3 /* LaunchScreen.storyboard */,
				CA51F02222EB6012007DACA3 /* Main.storyboard */,
			);
			path = View;
			sourceTree = "<group>";
		};
		CA51F03222EB60B4007DACA3 /* Controllers */ = {
			isa = PBXGroup;
			children = (
				CA51F02022EB6012007DACA3 /* StartViewController.swift */,
				0948456D22ECDCF700DF7C1D /* FavoritsTableVIewController.swift */,
				CA51F03322EB60F2007DACA3 /* TableViewController.swift */,
				CA51F03522EB610F007DACA3 /* ScrollViewController.swift */,
				CA51F03F22F22DEC007DACA3 /* AddTableViewControllers.swift */,
			);
			path = Controllers;
			sourceTree = "<group>";
		};
/* End PBXGroup section */

/* Begin PBXNativeTarget section */
		CA51F01A22EB6012007DACA3 /* TableAndScroll */ = {
			isa = PBXNativeTarget;
			buildConfigurationList = CA51F02D22EB6013007DACA3 /* Build configuration list for PBXNativeTarget "TableAndScroll" */;
			buildPhases = (
				CA51F01722EB6012007DACA3 /* Sources */,
				CA51F01822EB6012007DACA3 /* Frameworks */,
				CA51F01922EB6012007DACA3 /* Resources */,
			);
			buildRules = (
			);
			dependencies = (
			);
			name = TableAndScroll;
			productName = TableAndScroll;
			productReference = CA51F01B22EB6012007DACA3 /* TableAndScroll.app */;
			productType = "com.apple.product-type.application";
		};
/* End PBXNativeTarget section */

/* Begin PBXProject section */
		CA51F01322EB6012007DACA3 /* Project object */ = {
			isa = PBXProject;
			attributes = {
				LastSwiftUpdateCheck = 1020;
				LastUpgradeCheck = 1020;
				ORGANIZATIONNAME = "Aleksandr Gazizov";
				TargetAttributes = {
					CA51F01A22EB6012007DACA3 = {
						CreatedOnToolsVersion = 10.2.1;
						LastSwiftMigration = 1030;
					};
				};
			};
			buildConfigurationList = CA51F01622EB6012007DACA3 /* Build configuration list for PBXProject "TableAndScroll" */;
			compatibilityVersion = "Xcode 9.3";
			developmentRegion = en;
			hasScannedForEncodings = 0;
			knownRegions = (
				en,
				Base,
			);
			mainGroup = CA51F01222EB6012007DACA3;
			productRefGroup = CA51F01C22EB6012007DACA3 /* Products */;
			projectDirPath = "";
			projectRoot = "";
			targets = (
				CA51F01A22EB6012007DACA3 /* TableAndScroll */,
			);
		};
/* End PBXProject section */

/* Begin PBXResourcesBuildPhase section */
		CA51F01922EB6012007DACA3 /* Resources */ = {
			isa = PBXResourcesBuildPhase;
			buildActionMask = 2147483647;
			files = (
				CA51F02922EB6013007DACA3 /* LaunchScreen.storyboard in Resources */,
				CA51F02622EB6013007DACA3 /* Assets.xcassets in Resources */,
				CA51F02422EB6012007DACA3 /* Main.storyboard in Resources */,
			);
			runOnlyForDeploymentPostprocessing = 0;
		};
/* End PBXResourcesBuildPhase section */

/* Begin PBXSourcesBuildPhase section */
		CA51F01722EB6012007DACA3 /* Sources */ = {
			isa = PBXSourcesBuildPhase;
			buildActionMask = 2147483647;
			files = (
				CA51F03622EB610F007DACA3 /* ScrollViewController.swift in Sources */,
				CA51F03822EB61AC007DACA3 /* CellsOptions.swift in Sources */,
				CA51F03A22EB68D2007DACA3 /* ImageOptions.swift in Sources */,
				CA51F04022F22DEC007DACA3 /* AddTableViewControllers.swift in Sources */,
				0948456E22ECDCF700DF7C1D /* FavoritsTableVIewController.swift in Sources */,
				CA51F03422EB60F2007DACA3 /* TableViewController.swift in Sources */,
				CA51F02122EB6012007DACA3 /* StartViewController.swift in Sources */,
				CA51F01F22EB6012007DACA3 /* AppDelegate.swift in Sources */,
				0948457022ECE2B500DF7C1D /* CellsOptions2.swift in Sources */,
			);
			runOnlyForDeploymentPostprocessing = 0;
		};
/* End PBXSourcesBuildPhase section */

/* Begin PBXVariantGroup section */
		CA51F02222EB6012007DACA3 /* Main.storyboard */ = {
			isa = PBXVariantGroup;
			children = (
				CA51F02322EB6012007DACA3 /* Base */,
			);
			name = Main.storyboard;
			sourceTree = "<group>";
		};
		CA51F02722EB6013007DACA3 /* LaunchScreen.storyboard */ = {
			isa = PBXVariantGroup;
			children = (
				CA51F02822EB6013007DACA3 /* Base */,
			);
			name = LaunchScreen.storyboard;
			sourceTree = "<group>";
		};
/* End PBXVariantGroup section */

/* Begin XCBuildConfiguration section */
		CA51F02B22EB6013007DACA3 /* Debug */ = {
			isa = XCBuildConfiguration;
			buildSettings = {
				ALWAYS_SEARCH_USER_PATHS = NO;
				CLANG_ANALYZER_NONNULL = YES;
				CLANG_ANALYZER_NUMBER_OBJECT_CONVERSION = YES_AGGRESSIVE;
				CLANG_CXX_LANGUAGE_STANDARD = "gnu++14";
				CLANG_CXX_LIBRARY = "libc++";
				CLANG_ENABLE_MODULES = YES;
				CLANG_ENABLE_OBJC_ARC = YES;
				CLANG_ENABLE_OBJC_WEAK = YES;
				CLANG_WARN_BLOCK_CAPTURE_AUTORELEASING = YES;
				CLANG_WARN_BOOL_CONVERSION = YES;
				CLANG_WARN_COMMA = YES;
				CLANG_WARN_CONSTANT_CONVERSION = YES;
				CLANG_WARN_DEPRECATED_OBJC_IMPLEMENTATIONS = YES;
				CLANG_WARN_DIRECT_OBJC_ISA_USAGE = YES_ERROR;
				CLANG_WARN_DOCUMENTATION_COMMENTS = YES;
				CLANG_WARN_EMPTY_BODY = YES;
				CLANG_WARN_ENUM_CONVERSION = YES;
				CLANG_WARN_INFINITE_RECURSION = YES;
				CLANG_WARN_INT_CONVERSION = YES;
				CLANG_WARN_NON_LITERAL_NULL_CONVERSION = YES;
				CLANG_WARN_OBJC_IMPLICIT_RETAIN_SELF = YES;
				CLANG_WARN_OBJC_LITERAL_CONVERSION = YES;
				CLANG_WARN_OBJC_ROOT_CLASS = YES_ERROR;
				CLANG_WARN_RANGE_LOOP_ANALYSIS = YES;
				CLANG_WARN_STRICT_PROTOTYPES = YES;
				CLANG_WARN_SUSPICIOUS_MOVE = YES;
				CLANG_WARN_UNGUARDED_AVAILABILITY = YES_AGGRESSIVE;
				CLANG_WARN_UNREACHABLE_CODE = YES;
				CLANG_WARN__DUPLICATE_METHOD_MATCH = YES;
				CODE_SIGN_IDENTITY = "iPhone Developer";
				COPY_PHASE_STRIP = NO;
				DEBUG_INFORMATION_FORMAT = dwarf;
				ENABLE_STRICT_OBJC_MSGSEND = YES;
				ENABLE_TESTABILITY = YES;
				GCC_C_LANGUAGE_STANDARD = gnu11;
				GCC_DYNAMIC_NO_PIC = NO;
				GCC_NO_COMMON_BLOCKS = YES;
				GCC_OPTIMIZATION_LEVEL = 0;
				GCC_PREPROCESSOR_DEFINITIONS = (
					"DEBUG=1",
					"$(inherited)",
				);
				GCC_WARN_64_TO_32_BIT_CONVERSION = YES;
				GCC_WARN_ABOUT_RETURN_TYPE = YES_ERROR;
				GCC_WARN_UNDECLARED_SELECTOR = YES;
				GCC_WARN_UNINITIALIZED_AUTOS = YES_AGGRESSIVE;
				GCC_WARN_UNUSED_FUNCTION = YES;
				GCC_WARN_UNUSED_VARIABLE = YES;
				IPHONEOS_DEPLOYMENT_TARGET = 12.0;
				MTL_ENABLE_DEBUG_INFO = INCLUDE_SOURCE;
				MTL_FAST_MATH = YES;
				ONLY_ACTIVE_ARCH = YES;
				SDKROOT = iphoneos;
				SWIFT_ACTIVE_COMPILATION_CONDITIONS = DEBUG;
				SWIFT_OPTIMIZATION_LEVEL = "-Onone";
			};
			name = Debug;
		};
		CA51F02C22EB6013007DACA3 /* Release */ = {
			isa = XCBuildConfiguration;
			buildSettings = {
				ALWAYS_SEARCH_USER_PATHS = NO;
				CLANG_ANALYZER_NONNULL = YES;
				CLANG_ANALYZER_NUMBER_OBJECT_CONVERSION = YES_AGGRESSIVE;
				CLANG_CXX_LANGUAGE_STANDARD = "gnu++14";
				CLANG_CXX_LIBRARY = "libc++";
				CLANG_ENABLE_MODULES = YES;
				CLANG_ENABLE_OBJC_ARC = YES;
				CLANG_ENABLE_OBJC_WEAK = YES;
				CLANG_WARN_BLOCK_CAPTURE_AUTORELEASING = YES;
				CLANG_WARN_BOOL_CONVERSION = YES;
				CLANG_WARN_COMMA = YES;
				CLANG_WARN_CONSTANT_CONVERSION = YES;
				CLANG_WARN_DEPRECATED_OBJC_IMPLEMENTATIONS = YES;
				CLANG_WARN_DIRECT_OBJC_ISA_USAGE = YES_ERROR;
				CLANG_WARN_DOCUMENTATION_COMMENTS = YES;
				CLANG_WARN_EMPTY_BODY = YES;
				CLANG_WARN_ENUM_CONVERSION = YES;
				CLANG_WARN_INFINITE_RECURSION = YES;
				CLANG_WARN_INT_CONVERSION = YES;
				CLANG_WARN_NON_LITERAL_NULL_CONVERSION = YES;
				CLANG_WARN_OBJC_IMPLICIT_RETAIN_SELF = YES;
				CLANG_WARN_OBJC_LITERAL_CONVERSION = YES;
				CLANG_WARN_OBJC_ROOT_CLASS = YES_ERROR;
				CLANG_WARN_RANGE_LOOP_ANALYSIS = YES;
				CLANG_WARN_STRICT_PROTOTYPES = YES;
				CLANG_WARN_SUSPICIOUS_MOVE = YES;
				CLANG_WARN_UNGUARDED_AVAILABILITY = YES_AGGRESSIVE;
				CLANG_WARN_UNREACHABLE_CODE = YES;
				CLANG_WARN__DUPLICATE_METHOD_MATCH = YES;
				CODE_SIGN_IDENTITY = "iPhone Developer";
				COPY_PHASE_STRIP = NO;
				DEBUG_INFORMATION_FORMAT = "dwarf-with-dsym";
				ENABLE_NS_ASSERTIONS = NO;
				ENABLE_STRICT_OBJC_MSGSEND = YES;
				GCC_C_LANGUAGE_STANDARD = gnu11;
				GCC_NO_COMMON_BLOCKS = YES;
				GCC_WARN_64_TO_32_BIT_CONVERSION = YES;
				GCC_WARN_ABOUT_RETURN_TYPE = YES_ERROR;
				GCC_WARN_UNDECLARED_SELECTOR = YES;
				GCC_WARN_UNINITIALIZED_AUTOS = YES_AGGRESSIVE;
				GCC_WARN_UNUSED_FUNCTION = YES;
				GCC_WARN_UNUSED_VARIABLE = YES;
				IPHONEOS_DEPLOYMENT_TARGET = 12.0;
				MTL_ENABLE_DEBUG_INFO = NO;
				MTL_FAST_MATH = YES;
				SDKROOT = iphoneos;
				SWIFT_COMPILATION_MODE = wholemodule;
				SWIFT_OPTIMIZATION_LEVEL = "-O";
				VALIDATE_PRODUCT = YES;
			};
			name = Release;
		};
		CA51F02E22EB6013007DACA3 /* Debug */ = {
			isa = XCBuildConfiguration;
			buildSettings = {
				ASSETCATALOG_COMPILER_APPICON_NAME = AppIcon;
				CODE_SIGN_STYLE = Automatic;
				DEVELOPMENT_TEAM = UK93JB3S2G;
				INFOPLIST_FILE = TableAndScroll/Info.plist;
				LD_RUNPATH_SEARCH_PATHS = (
					"$(inherited)",
					"@executable_path/Frameworks",
				);
				PRODUCT_BUNDLE_IDENTIFIER = Aleksandr86.TableAndScrollv2;
				PRODUCT_NAME = "$(TARGET_NAME)";
				SWIFT_VERSION = 5.0;
				TARGETED_DEVICE_FAMILY = "1,2";
			};
			name = Debug;
		};
		CA51F02F22EB6013007DACA3 /* Release */ = {
			isa = XCBuildConfiguration;
			buildSettings = {
				ASSETCATALOG_COMPILER_APPICON_NAME = AppIcon;
				CODE_SIGN_STYLE = Automatic;
				DEVELOPMENT_TEAM = UK93JB3S2G;
				INFOPLIST_FILE = TableAndScroll/Info.plist;
				LD_RUNPATH_SEARCH_PATHS = (
					"$(inherited)",
					"@executable_path/Frameworks",
				);
				PRODUCT_BUNDLE_IDENTIFIER = Aleksandr86.TableAndScrollv2;
				PRODUCT_NAME = "$(TARGET_NAME)";
				SWIFT_VERSION = 5.0;
				TARGETED_DEVICE_FAMILY = "1,2";
			};
			name = Release;
		};
/* End XCBuildConfiguration section */

/* Begin XCConfigurationList section */
		CA51F01622EB6012007DACA3 /* Build configuration list for PBXProject "TableAndScroll" */ = {
			isa = XCConfigurationList;
			buildConfigurations = (
				CA51F02B22EB6013007DACA3 /* Debug */,
				CA51F02C22EB6013007DACA3 /* Release */,
			);
			defaultConfigurationIsVisible = 0;
			defaultConfigurationName = Release;
		};
		CA51F02D22EB6013007DACA3 /* Build configuration list for PBXNativeTarget "TableAndScroll" */ = {
			isa = XCConfigurationList;
			buildConfigurations = (
				CA51F02E22EB6013007DACA3 /* Debug */,
				CA51F02F22EB6013007DACA3 /* Release */,
			);
			defaultConfigurationIsVisible = 0;
			defaultConfigurationName = Release;
		};
/* End XCConfigurationList section */
	};
	rootObject = CA51F01322EB6012007DACA3 /* Project object */;
}
